# THIS IS AN AUTOGENERATED FILE. DO NOT EDIT THIS FILE DIRECTLY.
# yarn lockfile v1


rxjs@^6.5.5:
  version "6.5.5"
  resolved "https://registry.npm.taobao.org/rxjs/download/rxjs-6.5.5.tgz#c5c884e3094c8cfee31bf27eb87e54ccfc87f9ec"
  integrity sha1-xciE4wlMjP7jG/J+uH5UzPyH+ew=
  dependencies:
    tslib "^1.9.0"

tslib@^1.9.0:
  version "1.11.2"
  resolved "https://registry.npm.taobao.org/tslib/download/tslib-1.11.2.tgz#9c79d83272c9a7aaf166f73915c9667ecdde3cc9"
  integrity sha1-nHnYMnLJp6rxZvc5Fclmfs3ePMk=
